
Microsoft Visual Studio Solution File, Format Version 12.00
# Visual Studio Version 17
VisualStudioVersion = 17.10.34928.147
MinimumVisualStudioVersion = 10.0.40219.1
Project("{FAE04EC0-301F-11D3-BF4B-00C04F79EFBC}") = "session 3 opp", "session 3 opp.csproj", "{1AFFA5F5-4F96-42BA-A1E5-40ACBBCD70F4}"
EndProject
Global
	GlobalSection(SolutionConfigurationPlatforms) = preSolution
		Debug|Any CPU = Debug|Any CPU
		Release|Any CPU = Release|Any CPU
	EndGlobalSection
	GlobalSection(ProjectConfigurationPlatforms) = postSolution
		{1AFFA5F5-4F96-42BA-A1E5-40ACBBCD70F4}.Debug|Any CPU.ActiveCfg = Debug|Any CPU
		{1AFFA5F5-4F96-42BA-A1E5-40ACBBCD70F4}.Debug|Any CPU.Build.0 = Debug|Any CPU
		{1AFFA5F5-4F96-42BA-A1E5-40ACBBCD70F4}.Release|Any CPU.ActiveCfg = Release|Any CPU
		{1AFFA5F5-4F96-42BA-A1E5-40ACBBCD70F4}.Release|Any CPU.Build.0 = Release|Any CPU
	EndGlobalSection
	GlobalSection(SolutionProperties) = preSolution
		HideSolutionNode = FALSE
	EndGlobalSection
	GlobalSection(ExtensibilityGlobals) = postSolution
		SolutionGuid = {03CEA694-2C50-40E2-93AD-8C3F9321EE3C}
	EndGlobalSection
EndGlobal
